
Microsoft Visual Studio Solution File, Format Version 12.00
# Visual Studio Version 17
VisualStudioVersion = 17.7.34031.279
MinimumVisualStudioVersion = 10.0.40219.1
Project("{9A19103F-16F7-4668-BE54-9A1E7A4F7556}") = "SignalRLearning", "SignalRLearning\SignalRLearning.csproj", "{605090A7-468A-4510-AA5C-66E155A728DB}"
EndProject
Project("{FAE04EC0-301F-11D3-BF4B-00C04F79EFBC}") = "MongoDLL", "MongoDLL\MongoDLL.csproj", "{690EECC4-4B7A-4A47-9BD7-79494DC9DECA}"
EndProject
Global
	GlobalSection(SolutionConfigurationPlatforms) = preSolution
		Debug|Any CPU = Debug|Any CPU
		Release|Any CPU = Release|Any CPU
	EndGlobalSection
	GlobalSection(ProjectConfigurationPlatforms) = postSolution
		{605090A7-468A-4510-AA5C-66E155A728DB}.Debug|Any CPU.ActiveCfg = Debug|Any CPU
		{605090A7-468A-4510-AA5C-66E155A728DB}.Debug|Any CPU.Build.0 = Debug|Any CPU
		{605090A7-468A-4510-AA5C-66E155A728DB}.Release|Any CPU.ActiveCfg = Release|Any CPU
		{605090A7-468A-4510-AA5C-66E155A728DB}.Release|Any CPU.Build.0 = Release|Any CPU
		{690EECC4-4B7A-4A47-9BD7-79494DC9DECA}.Debug|Any CPU.ActiveCfg = Debug|Any CPU
		{690EECC4-4B7A-4A47-9BD7-79494DC9DECA}.Debug|Any CPU.Build.0 = Debug|Any CPU
		{690EECC4-4B7A-4A47-9BD7-79494DC9DECA}.Release|Any CPU.ActiveCfg = Release|Any CPU
		{690EECC4-4B7A-4A47-9BD7-79494DC9DECA}.Release|Any CPU.Build.0 = Release|Any CPU
	EndGlobalSection
	GlobalSection(SolutionProperties) = preSolution
		HideSolutionNode = FALSE
	EndGlobalSection
	GlobalSection(ExtensibilityGlobals) = postSolution
		SolutionGuid = {87F6E210-C426-4FCE-B92F-1D78264A774B}
	EndGlobalSection
EndGlobal
